<?xml version="1.0" encoding="utf-8"?>
<Project ToolsVersion="4.0" xmlns="http://schemas.microsoft.com/developer/msbuild/2003">
  <ItemGroup>
    <Filter Include="Quelldateien">
      <UniqueIdentifier>{4FC737F1-C7A5-4376-A066-2A32D752A2FF}</UniqueIdentifier>
      <Extensions>cpp;c;cc;cxx;def;odl;idl;hpj;bat;asm;asmx</Extensions>
    </Filter>
    <Filter Include="Headerdateien">
      <UniqueIdentifier>{93995380-89BD-4b04-88EB-625FBE52EBFB}</UniqueIdentifier>
      <Extensions>h;hh;hpp;hxx;hm;inl;inc;ipp;xsd</Extensions>
    </Filter>
    <Filter Include="Ressourcendateien">
      <UniqueIdentifier>{67DA6AB6-F800-4c08-8B7A-83BB121AAD01}</UniqueIdentifier>
      <Extensions>rc;ico;cur;bmp;dlg;rc2;rct;bin;rgs;gif;jpg;jpeg;jpe;resx;tiff;tif;png;wav;mfcribbon-ms</Extensions>
    </Filter>
  </ItemGroup>
  <ItemGroup>
    <ClCompile Include="debugger\CLI.cpp">
      <Filter>Quelldateien</Filter>
    </ClCompile>
    <ClCompile Include="debugger\Debugger.cpp">
      <Filter>Quelldateien</Filter>
    </ClCompile>
    <ClCompile Include="debugger\GUI.cpp">
      <Filter>Quelldateien</Filter>
    </ClCompile>
    <ClCompile Include="debugger\VRAM_GUI.cpp">
      <Filter>Quelldateien</Filter>
    </ClCompile>
    <ClCompile Include="interpreter\ARM\ARMBranch.cpp">
      <Filter>Quelldateien</Filter>
    </ClCompile>
    <ClCompile Include="interpreter\ARM\ARMDataProcessing.cpp">
      <Filter>Quelldateien</Filter>
    </ClCompile>
    <ClCompile Include="interpreter\ARM\ARMInstructions.cpp">
      <Filter>Quelldateien</Filter>
    </ClCompile>
    <ClCompile Include="interpreter\ARM\ARMLoadStore.cpp">
      <Filter>Quelldateien</Filter>
    </ClCompile>
    <ClCompile Include="interpreter\THUMB\THUMBALU.cpp">
      <Filter>Quelldateien</Filter>
    </ClCompile>
    <ClCompile Include="interpreter\THUMB\THUMBDataProcessing.cpp">
      <Filter>Quelldateien</Filter>
    </ClCompile>
    <ClCompile Include="interpreter\THUMB\THUMBInstructions.cpp">
      <Filter>Quelldateien</Filter>
    </ClCompile>
    <ClCompile Include="interpreter\Interpreter.cpp">
      <Filter>Quelldateien</Filter>
    </ClCompile>
  </ItemGroup>
  <ItemGroup>
    <ClInclude Include="debugger\CLI.h">
      <Filter>Headerdateien</Filter>
    </ClInclude>
    <ClInclude Include="debugger\Debugger.h">
      <Filter>Headerdateien</Filter>
    </ClInclude>
    <ClInclude Include="debugger\GUI.h">
      <Filter>Headerdateien</Filter>
    </ClInclude>
    <ClInclude Include="debugger\VRAM_GUI.h">
      <Filter>Headerdateien</Filter>
    </ClInclude>
    <ClInclude Include="interpreter\ARM\ARMInstructions.h">
      <Filter>Headerdateien</Filter>
    </ClInclude>
    <ClInclude Include="interpreter\THUMB\THUMBInstructions.h">
      <Filter>Headerdateien</Filter>
    </ClInclude>
    <ClInclude Include="interpreter\Interpreter.h">
      <Filter>Headerdateien</Filter>
    </ClInclude>
    <ClInclude Include="GBADebugger.h">
      <Filter>Headerdateien</Filter>
    </ClInclude>
  </ItemGroup>
</Project>